
Microsoft Visual Studio Solution File, Format Version 12.00
# Visual Studio Version 17
VisualStudioVersion = 17.3.32901.215
MinimumVisualStudioVersion = 10.0.40219.1
Project("{FAE04EC0-301F-11D3-BF4B-00C04F79EFBC}") = "Test2", "Test2\Test2.csproj", "{46C2AD24-E952-4812-9707-CF33BCB7502A}"
EndProject
Global
	GlobalSection(SolutionConfigurationPlatforms) = preSolution
		Debug|Any CPU = Debug|Any CPU
		Release|Any CPU = Release|Any CPU
	EndGlobalSection
	GlobalSection(ProjectConfigurationPlatforms) = postSolution
		{46C2AD24-E952-4812-9707-CF33BCB7502A}.Debug|Any CPU.ActiveCfg = Debug|Any CPU
		{46C2AD24-E952-4812-9707-CF33BCB7502A}.Debug|Any CPU.Build.0 = Debug|Any CPU
		{46C2AD24-E952-4812-9707-CF33BCB7502A}.Release|Any CPU.ActiveCfg = Release|Any CPU
		{46C2AD24-E952-4812-9707-CF33BCB7502A}.Release|Any CPU.Build.0 = Release|Any CPU
	EndGlobalSection
	GlobalSection(SolutionProperties) = preSolution
		HideSolutionNode = FALSE
	EndGlobalSection
	GlobalSection(ExtensibilityGlobals) = postSolution
		SolutionGuid = {5BA3E3F7-0634-4037-A79A-47E43F1D056F}
	EndGlobalSection
EndGlobal
